
Microsoft Visual Studio Solution File, Format Version 12.00
# Visual Studio Version 16
VisualStudioVersion = 16.0.29609.76
MinimumVisualStudioVersion = 15.0.26124.0
Project("{9A19103F-16F7-4668-BE54-9A1E7A4F7556}") = "TaskManager", "TaskManager.csproj", "{DDABC2BB-7DE2-41FE-827B-EB58666DD052}"
EndProject
Global
	GlobalSection(SolutionConfigurationPlatforms) = preSolution
		Debug|Any CPU = Debug|Any CPU
		Debug|x64 = Debug|x64
		Debug|x86 = Debug|x86
		Release|Any CPU = Release|Any CPU
		Release|x64 = Release|x64
		Release|x86 = Release|x86
	EndGlobalSection
	GlobalSection(ProjectConfigurationPlatforms) = postSolution
		{DDABC2BB-7DE2-41FE-827B-EB58666DD052}.Debug|Any CPU.ActiveCfg = Debug|Any CPU
		{DDABC2BB-7DE2-41FE-827B-EB58666DD052}.Debug|Any CPU.Build.0 = Debug|Any CPU
		{DDABC2BB-7DE2-41FE-827B-EB58666DD052}.Debug|x64.ActiveCfg = Debug|Any CPU
		{DDABC2BB-7DE2-41FE-827B-EB58666DD052}.Debug|x64.Build.0 = Debug|Any CPU
		{DDABC2BB-7DE2-41FE-827B-EB58666DD052}.Debug|x86.ActiveCfg = Debug|Any CPU
		{DDABC2BB-7DE2-41FE-827B-EB58666DD052}.Debug|x86.Build.0 = Debug|Any CPU
		{DDABC2BB-7DE2-41FE-827B-EB58666DD052}.Release|Any CPU.ActiveCfg = Release|Any CPU
		{DDABC2BB-7DE2-41FE-827B-EB58666DD052}.Release|Any CPU.Build.0 = Release|Any CPU
		{DDABC2BB-7DE2-41FE-827B-EB58666DD052}.Release|x64.ActiveCfg = Release|Any CPU
		{DDABC2BB-7DE2-41FE-827B-EB58666DD052}.Release|x64.Build.0 = Release|Any CPU
		{DDABC2BB-7DE2-41FE-827B-EB58666DD052}.Release|x86.ActiveCfg = Release|Any CPU
		{DDABC2BB-7DE2-41FE-827B-EB58666DD052}.Release|x86.Build.0 = Release|Any CPU
	EndGlobalSection
	GlobalSection(SolutionProperties) = preSolution
		HideSolutionNode = FALSE
	EndGlobalSection
	GlobalSection(ExtensibilityGlobals) = postSolution
		SolutionGuid = {956A3007-7F66-4914-B8F7-C9139A55B24D}
	EndGlobalSection
EndGlobal
